
Microsoft Visual Studio Solution File, Format Version 12.00
# Visual Studio 15
VisualStudioVersion = 15.0.28010.2050
MinimumVisualStudioVersion = 10.0.40219.1
Project("{8BC9CEB8-8B4A-11D0-8D11-00A0C91BC942}") = "OpenGLCourseApp", "OpenGLCourseApp.vcxproj", "{F77525AE-EBD7-47BD-AE7A-953D220999F1}"
EndProject
Global
	GlobalSection(SolutionConfigurationPlatforms) = preSolution
		Debug|x86 = Debug|x86
		Release|x86 = Release|x86
	EndGlobalSection
	GlobalSection(ProjectConfigurationPlatforms) = postSolution
		{F77525AE-EBD7-47BD-AE7A-953D220999F1}.Debug|x86.ActiveCfg = Debug|Win32
		{F77525AE-EBD7-47BD-AE7A-953D220999F1}.Debug|x86.Build.0 = Debug|Win32
		{F77525AE-EBD7-47BD-AE7A-953D220999F1}.Release|x86.ActiveCfg = Release|Win32
		{F77525AE-EBD7-47BD-AE7A-953D220999F1}.Release|x86.Build.0 = Release|Win32
	EndGlobalSection
	GlobalSection(SolutionProperties) = preSolution
		HideSolutionNode = FALSE
	EndGlobalSection
	GlobalSection(ExtensibilityGlobals) = postSolution
		SolutionGuid = {E5E3E8F1-8C1B-40AD-812D-841640998FAA}
	EndGlobalSection
EndGlobal
